
Microsoft Visual Studio Solution File, Format Version 12.00
# Visual Studio Version 17
VisualStudioVersion = 17.2.32526.322
MinimumVisualStudioVersion = 10.0.40219.1
Project("{FAE04EC0-301F-11D3-BF4B-00C04F79EFBC}") = "WorkshopBasicV2", "WorkshopBasicV2\WorkshopBasicV2.csproj", "{608D8DBC-2A03-4D5F-813D-7027DE2F7A20}"
EndProject
Global
	GlobalSection(SolutionConfigurationPlatforms) = preSolution
		Debug|Any CPU = Debug|Any CPU
		Release|Any CPU = Release|Any CPU
	EndGlobalSection
	GlobalSection(ProjectConfigurationPlatforms) = postSolution
		{608D8DBC-2A03-4D5F-813D-7027DE2F7A20}.Debug|Any CPU.ActiveCfg = Debug|Any CPU
		{608D8DBC-2A03-4D5F-813D-7027DE2F7A20}.Debug|Any CPU.Build.0 = Debug|Any CPU
		{608D8DBC-2A03-4D5F-813D-7027DE2F7A20}.Release|Any CPU.ActiveCfg = Release|Any CPU
		{608D8DBC-2A03-4D5F-813D-7027DE2F7A20}.Release|Any CPU.Build.0 = Release|Any CPU
	EndGlobalSection
	GlobalSection(SolutionProperties) = preSolution
		HideSolutionNode = FALSE
	EndGlobalSection
	GlobalSection(ExtensibilityGlobals) = postSolution
		SolutionGuid = {0E552559-A054-4D99-9737-7AECC3C10AF1}
	EndGlobalSection
EndGlobal
